// !$*UTF8*$!
{
	archiveVersion = 1;
	classes = {
	};
	objectVersion = 50;
	objects = {

/* Begin PBXBuildFile section */
		EF56E4AC2155EFE50054DB82 /* GeneratePassword.swift in Sources */ = {isa = PBXBuildFile; fileRef = EF56E4AB2155EFE50054DB82 /* GeneratePassword.swift */; };
		EFC49787215557B900ACA134 /* AppDelegate.swift in Sources */ = {isa = PBXBuildFile; fileRef = EFC49786215557B900ACA134 /* AppDelegate.swift */; };
		EFC49789215557B900ACA134 /* ViewController.swift in Sources */ = {isa = PBXBuildFile; fileRef = EFC49788215557B900ACA134 /* ViewController.swift */; };
		EFC4978B215557BB00ACA134 /* Assets.xcassets in Resources */ = {isa = PBXBuildFile; fileRef = EFC4978A215557BB00ACA134 /* Assets.xcassets */; };
		EFC4978E215557BB00ACA134 /* Main.storyboard in Resources */ = {isa = PBXBuildFile; fileRef = EFC4978C215557BB00ACA134 /* Main.storyboard */; };
		EFC497982155599200ACA134 /* MainWindowController.swift in Sources */ = {isa = PBXBuildFile; fileRef = EFC497962155599200ACA134 /* MainWindowController.swift */; };
		EFC497992155599200ACA134 /* MainWindowController.xib in Resources */ = {isa = PBXBuildFile; fileRef = EFC497972155599200ACA134 /* MainWindowController.xib */; };
/* End PBXBuildFile section */

/* Begin PBXFileReference section */
		EF56E4AB2155EFE50054DB82 /* GeneratePassword.swift */ = {isa = PBXFileReference; lastKnownFileType = sourcecode.swift; path = GeneratePassword.swift; sourceTree = "<group>"; };
		EFC49783215557B900ACA134 /* RandomPassword.app */ = {isa = PBXFileReference; explicitFileType = wrapper.application; includeInIndex = 0; path = RandomPassword.app; sourceTree = BUILT_PRODUCTS_DIR; };
		EFC49786215557B900ACA134 /* AppDelegate.swift */ = {isa = PBXFileReference; lastKnownFileType = sourcecode.swift; path = AppDelegate.swift; sourceTree = "<group>"; };
		EFC49788215557B900ACA134 /* ViewController.swift */ = {isa = PBXFileReference; lastKnownFileType = sourcecode.swift; path = ViewController.swift; sourceTree = "<group>"; };
		EFC4978A215557BB00ACA134 /* Assets.xcassets */ = {isa = PBXFileReference; lastKnownFileType = folder.assetcatalog; path = Assets.xcassets; sourceTree = "<group>"; };
		EFC4978D215557BB00ACA134 /* Base */ = {isa = PBXFileReference; lastKnownFileType = file.storyboard; name = Base; path = Base.lproj/Main.storyboard; sourceTree = "<group>"; };
		EFC4978F215557BB00ACA134 /* Info.plist */ = {isa = PBXFileReference; lastKnownFileType = text.plist.xml; path = Info.plist; sourceTree = "<group>"; };
		EFC49790215557BB00ACA134 /* RandomPassword.entitlements */ = {isa = PBXFileReference; lastKnownFileType = text.plist.entitlements; path = RandomPassword.entitlements; sourceTree = "<group>"; };
		EFC497962155599200ACA134 /* MainWindowController.swift */ = {isa = PBXFileReference; lastKnownFileType = sourcecode.swift; path = MainWindowController.swift; sourceTree = "<group>"; };
		EFC497972155599200ACA134 /* MainWindowController.xib */ = {isa = PBXFileReference; lastKnownFileType = file.xib; path = MainWindowController.xib; sourceTree = "<group>"; };
/* End PBXFileReference section */

/* Begin PBXFrameworksBuildPhase section */
		EFC49780215557B900ACA134 /* Frameworks */ = {
			isa = PBXFrameworksBuildPhase;
			buildActionMask = 2147483647;
			files = (
			);
			runOnlyForDeploymentPostprocessing = 0;
		};
/* End PBXFrameworksBuildPhase section */

/* Begin PBXGroup section */
		EFC4977A215557B900ACA134 = {
			isa = PBXGroup;
			children = (
				EFC49785215557B900ACA134 /* RandomPassword */,
				EFC49784215557B900ACA134 /* Products */,
			);
			sourceTree = "<group>";
		};
		EFC49784215557B900ACA134 /* Products */ = {
			isa = PBXGroup;
			children = (
				EFC49783215557B900ACA134 /* RandomPassword.app */,
			);
			name = Products;
			sourceTree = "<group>";
		};
		EFC49785215557B900ACA134 /* RandomPassword */ = {
			isa = PBXGroup;
			children = (
				EFC49786215557B900ACA134 /* AppDelegate.swift */,
				EFC49788215557B900ACA134 /* ViewController.swift */,
				EFC497962155599200ACA134 /* MainWindowController.swift */,
				EFC497972155599200ACA134 /* MainWindowController.xib */,
				EF56E4AB2155EFE50054DB82 /* GeneratePassword.swift */,
				EFC4978A215557BB00ACA134 /* Assets.xcassets */,
				EFC4978C215557BB00ACA134 /* Main.storyboard */,
				EFC4978F215557BB00ACA134 /* Info.plist */,
				EFC49790215557BB00ACA134 /* RandomPassword.entitlements */,
			);
			path = RandomPassword;
			sourceTree = "<group>";
		};
/* End PBXGroup section */

/* Begin PBXNativeTarget section */
		EFC49782215557B900ACA134 /* RandomPassword */ = {
			isa = PBXNativeTarget;
			buildConfigurationList = EFC49793215557BB00ACA134 /* Build configuration list for PBXNativeTarget "RandomPassword" */;
			buildPhases = (
				EFC4977F215557B900ACA134 /* Sources */,
				EFC49780215557B900ACA134 /* Frameworks */,
				EFC49781215557B900ACA134 /* Resources */,
			);
			buildRules = (
			);
			dependencies = (
			);
			name = RandomPassword;
			productName = RandomPassword;
			productReference = EFC49783215557B900ACA134 /* RandomPassword.app */;
			productType = "com.apple.product-type.application";
		};
/* End PBXNativeTarget section */

/* Begin PBXProject section */
		EFC4977B215557B900ACA134 /* Project object */ = {
			isa = PBXProject;
			attributes = {
				LastSwiftUpdateCheck = 1000;
				LastUpgradeCheck = 1000;
				ORGANIZATIONNAME = "Andy Ron";
				TargetAttributes = {
					EFC49782215557B900ACA134 = {
						CreatedOnToolsVersion = 10.0;
					};
				};
			};
			buildConfigurationList = EFC4977E215557B900ACA134 /* Build configuration list for PBXProject "RandomPassword" */;
			compatibilityVersion = "Xcode 9.3";
			developmentRegion = en;
			hasScannedForEncodings = 0;
			knownRegions = (
				en,
				Base,
			);
			mainGroup = EFC4977A215557B900ACA134;
			productRefGroup = EFC49784215557B900ACA134 /* Products */;
			projectDirPath = "";
			projectRoot = "";
			targets = (
				EFC49782215557B900ACA134 /* RandomPassword */,
			);
		};
/* End PBXProject section */

/* Begin PBXResourcesBuildPhase section */
		EFC49781215557B900ACA134 /* Resources */ = {
			isa = PBXResourcesBuildPhase;
			buildActionMask = 2147483647;
			files = (
				EFC4978B215557BB00ACA134 /* Assets.xcassets in Resources */,
				EFC497992155599200ACA134 /* MainWindowController.xib in Resources */,
				EFC4978E215557BB00ACA134 /* Main.storyboard in Resources */,
			);
			runOnlyForDeploymentPostprocessing = 0;
		};
/* End PBXResourcesBuildPhase section */

/* Begin PBXSourcesBuildPhase section */
		EFC4977F215557B900ACA134 /* Sources */ = {
			isa = PBXSourcesBuildPhase;
			buildActionMask = 2147483647;
			files = (
				EFC49789215557B900ACA134 /* ViewController.swift in Sources */,
				EFC49787215557B900ACA134 /* AppDelegate.swift in Sources */,
				EFC497982155599200ACA134 /* MainWindowController.swift in Sources */,
				EF56E4AC2155EFE50054DB82 /* GeneratePassword.swift in Sources */,
			);
			runOnlyForDeploymentPostprocessing = 0;
		};
/* End PBXSourcesBuildPhase section */

/* Begin PBXVariantGroup section */
		EFC4978C215557BB00ACA134 /* Main.storyboard */ = {
			isa = PBXVariantGroup;
			children = (
				EFC4978D215557BB00ACA134 /* Base */,
			);
			name = Main.storyboard;
			sourceTree = "<group>";
		};
/* End PBXVariantGroup section */

/* Begin XCBuildConfiguration section */
		EFC49791215557BB00ACA134 /* Debug */ = {
			isa = XCBuildConfiguration;
			buildSettings = {
				ALWAYS_SEARCH_USER_PATHS = NO;
				CLANG_ANALYZER_NONNULL = YES;
				CLANG_ANALYZER_NUMBER_OBJECT_CONVERSION = YES_AGGRESSIVE;
				CLANG_CXX_LANGUAGE_STANDARD = "gnu++14";
				CLANG_CXX_LIBRARY = "libc++";
				CLANG_ENABLE_MODULES = YES;
				CLANG_ENABLE_OBJC_ARC = YES;
				CLANG_ENABLE_OBJC_WEAK = YES;
				CLANG_WARN_BLOCK_CAPTURE_AUTORELEASING = YES;
				CLANG_WARN_BOOL_CONVERSION = YES;
				CLANG_WARN_COMMA = YES;
				CLANG_WARN_CONSTANT_CONVERSION = YES;
				CLANG_WARN_DEPRECATED_OBJC_IMPLEMENTATIONS = YES;
				CLANG_WARN_DIRECT_OBJC_ISA_USAGE = YES_ERROR;
				CLANG_WARN_DOCUMENTATION_COMMENTS = YES;
				CLANG_WARN_EMPTY_BODY = YES;
				CLANG_WARN_ENUM_CONVERSION = YES;
				CLANG_WARN_INFINITE_RECURSION = YES;
				CLANG_WARN_INT_CONVERSION = YES;
				CLANG_WARN_NON_LITERAL_NULL_CONVERSION = YES;
				CLANG_WARN_OBJC_IMPLICIT_RETAIN_SELF = YES;
				CLANG_WARN_OBJC_LITERAL_CONVERSION = YES;
				CLANG_WARN_OBJC_ROOT_CLASS = YES_ERROR;
				CLANG_WARN_RANGE_LOOP_ANALYSIS = YES;
				CLANG_WARN_STRICT_PROTOTYPES = YES;
				CLANG_WARN_SUSPICIOUS_MOVE = YES;
				CLANG_WARN_UNGUARDED_AVAILABILITY = YES_AGGRESSIVE;
				CLANG_WARN_UNREACHABLE_CODE = YES;
				CLANG_WARN__DUPLICATE_METHOD_MATCH = YES;
				CODE_SIGN_IDENTITY = "Mac Developer";
				COPY_PHASE_STRIP = NO;
				DEBUG_INFORMATION_FORMAT = dwarf;
				ENABLE_STRICT_OBJC_MSGSEND = YES;
				ENABLE_TESTABILITY = YES;
				GCC_C_LANGUAGE_STANDARD = gnu11;
				GCC_DYNAMIC_NO_PIC = NO;
				GCC_NO_COMMON_BLOCKS = YES;
				GCC_OPTIMIZATION_LEVEL = 0;
				GCC_PREPROCESSOR_DEFINITIONS = (
					"DEBUG=1",
					"$(inherited)",
				);
				GCC_WARN_64_TO_32_BIT_CONVERSION = YES;
				GCC_WARN_ABOUT_RETURN_TYPE = YES_ERROR;
				GCC_WARN_UNDECLARED_SELECTOR = YES;
				GCC_WARN_UNINITIALIZED_AUTOS = YES_AGGRESSIVE;
				GCC_WARN_UNUSED_FUNCTION = YES;
				GCC_WARN_UNUSED_VARIABLE = YES;
				MACOSX_DEPLOYMENT_TARGET = 10.13;
				MTL_ENABLE_DEBUG_INFO = INCLUDE_SOURCE;
				MTL_FAST_MATH = YES;
				ONLY_ACTIVE_ARCH = YES;
				SDKROOT = macosx;
				SWIFT_ACTIVE_COMPILATION_CONDITIONS = DEBUG;
				SWIFT_OPTIMIZATION_LEVEL = "-Onone";
			};
			name = Debug;
		};
		EFC49792215557BB00ACA134 /* Release */ = {
			isa = XCBuildConfiguration;
			buildSettings = {
				ALWAYS_SEARCH_USER_PATHS = NO;
				CLANG_ANALYZER_NONNULL = YES;
				CLANG_ANALYZER_NUMBER_OBJECT_CONVERSION = YES_AGGRESSIVE;
				CLANG_CXX_LANGUAGE_STANDARD = "gnu++14";
				CLANG_CXX_LIBRARY = "libc++";
				CLANG_ENABLE_MODULES = YES;
				CLANG_ENABLE_OBJC_ARC = YES;
				CLANG_ENABLE_OBJC_WEAK = YES;
				CLANG_WARN_BLOCK_CAPTURE_AUTORELEASING = YES;
				CLANG_WARN_BOOL_CONVERSION = YES;
				CLANG_WARN_COMMA = YES;
				CLANG_WARN_CONSTANT_CONVERSION = YES;
				CLANG_WARN_DEPRECATED_OBJC_IMPLEMENTATIONS = YES;
				CLANG_WARN_DIRECT_OBJC_ISA_USAGE = YES_ERROR;
				CLANG_WARN_DOCUMENTATION_COMMENTS = YES;
				CLANG_WARN_EMPTY_BODY = YES;
				CLANG_WARN_ENUM_CONVERSION = YES;
				CLANG_WARN_INFINITE_RECURSION = YES;
				CLANG_WARN_INT_CONVERSION = YES;
				CLANG_WARN_NON_LITERAL_NULL_CONVERSION = YES;
				CLANG_WARN_OBJC_IMPLICIT_RETAIN_SELF = YES;
				CLANG_WARN_OBJC_LITERAL_CONVERSION = YES;
				CLANG_WARN_OBJC_ROOT_CLASS = YES_ERROR;
				CLANG_WARN_RANGE_LOOP_ANALYSIS = YES;
				CLANG_WARN_STRICT_PROTOTYPES = YES;
				CLANG_WARN_SUSPICIOUS_MOVE = YES;
				CLANG_WARN_UNGUARDED_AVAILABILITY = YES_AGGRESSIVE;
				CLANG_WARN_UNREACHABLE_CODE = YES;
				CLANG_WARN__DUPLICATE_METHOD_MATCH = YES;
				CODE_SIGN_IDENTITY = "Mac Developer";
				COPY_PHASE_STRIP = NO;
				DEBUG_INFORMATION_FORMAT = "dwarf-with-dsym";
				ENABLE_NS_ASSERTIONS = NO;
				ENABLE_STRICT_OBJC_MSGSEND = YES;
				GCC_C_LANGUAGE_STANDARD = gnu11;
				GCC_NO_COMMON_BLOCKS = YES;
				GCC_WARN_64_TO_32_BIT_CONVERSION = YES;
				GCC_WARN_ABOUT_RETURN_TYPE = YES_ERROR;
				GCC_WARN_UNDECLARED_SELECTOR = YES;
				GCC_WARN_UNINITIALIZED_AUTOS = YES_AGGRESSIVE;
				GCC_WARN_UNUSED_FUNCTION = YES;
				GCC_WARN_UNUSED_VARIABLE = YES;
				MACOSX_DEPLOYMENT_TARGET = 10.13;
				MTL_ENABLE_DEBUG_INFO = NO;
				MTL_FAST_MATH = YES;
				SDKROOT = macosx;
				SWIFT_COMPILATION_MODE = wholemodule;
				SWIFT_OPTIMIZATION_LEVEL = "-O";
			};
			name = Release;
		};
		EFC49794215557BB00ACA134 /* Debug */ = {
			isa = XCBuildConfiguration;
			buildSettings = {
				ASSETCATALOG_COMPILER_APPICON_NAME = AppIcon;
				CODE_SIGN_ENTITLEMENTS = RandomPassword/RandomPassword.entitlements;
				CODE_SIGN_STYLE = Automatic;
				COMBINE_HIDPI_IMAGES = YES;
				DEVELOPMENT_TEAM = ZHNA975N38;
				INFOPLIST_FILE = RandomPassword/Info.plist;
				LD_RUNPATH_SEARCH_PATHS = (
					"$(inherited)",
					"@executable_path/../Frameworks",
				);
				PRODUCT_BUNDLE_IDENTIFIER = com.andyron.RandomPassword;
				PRODUCT_NAME = "$(TARGET_NAME)";
				SWIFT_VERSION = 4.2;
			};
			name = Debug;
		};
		EFC49795215557BB00ACA134 /* Release */ = {
			isa = XCBuildConfiguration;
			buildSettings = {
				ASSETCATALOG_COMPILER_APPICON_NAME = AppIcon;
				CODE_SIGN_ENTITLEMENTS = RandomPassword/RandomPassword.entitlements;
				CODE_SIGN_STYLE = Automatic;
				COMBINE_HIDPI_IMAGES = YES;
				DEVELOPMENT_TEAM = ZHNA975N38;
				INFOPLIST_FILE = RandomPassword/Info.plist;
				LD_RUNPATH_SEARCH_PATHS = (
					"$(inherited)",
					"@executable_path/../Frameworks",
				);
				PRODUCT_BUNDLE_IDENTIFIER = com.andyron.RandomPassword;
				PRODUCT_NAME = "$(TARGET_NAME)";
				SWIFT_VERSION = 4.2;
			};
			name = Release;
		};
/* End XCBuildConfiguration section */

/* Begin XCConfigurationList section */
		EFC4977E215557B900ACA134 /* Build configuration list for PBXProject "RandomPassword" */ = {
			isa = XCConfigurationList;
			buildConfigurations = (
				EFC49791215557BB00ACA134 /* Debug */,
				EFC49792215557BB00ACA134 /* Release */,
			);
			defaultConfigurationIsVisible = 0;
			defaultConfigurationName = Release;
		};
		EFC49793215557BB00ACA134 /* Build configuration list for PBXNativeTarget "RandomPassword" */ = {
			isa = XCConfigurationList;
			buildConfigurations = (
				EFC49794215557BB00ACA134 /* Debug */,
				EFC49795215557BB00ACA134 /* Release */,
			);
			defaultConfigurationIsVisible = 0;
			defaultConfigurationName = Release;
		};
/* End XCConfigurationList section */
	};
	rootObject = EFC4977B215557B900ACA134 /* Project object */;
}
